
Microsoft Visual Studio Solution File, Format Version 12.00
# Visual Studio Version 17
VisualStudioVersion = 17.11.35327.3
MinimumVisualStudioVersion = 10.0.40219.1
Project("{2150E333-8FDC-42A3-9474-1A3956D46DE8}") = "Lesson_02", "Lesson_02", "{449435C7-0685-4546-BDC3-5DE4D19C661F}"
EndProject
Project("{9A19103F-16F7-4668-BE54-9A1E7A4F7556}") = "Task_02_02", "Task_02_02\Task_02_02.csproj", "{F1E9464F-AC41-470E-95E7-B259003A089A}"
EndProject
Project("{2150E333-8FDC-42A3-9474-1A3956D46DE8}") = "Lesson_03", "Lesson_03", "{1E73FC66-DDA8-4AC5-96CD-32847EF0C3E3}"
EndProject
Project("{9A19103F-16F7-4668-BE54-9A1E7A4F7556}") = "Task_03_04", "Task_03_04\Task_03_04.csproj", "{855F67B8-0C54-4D9B-9EC9-5169170DC0BA}"
EndProject
Project("{9A19103F-16F7-4668-BE54-9A1E7A4F7556}") = "Task_03_05", "Task_03_05\Task_03_05.csproj", "{0DC036AA-57B1-453D-B3BC-BDC3C7AF2D98}"
EndProject
Project("{9A19103F-16F7-4668-BE54-9A1E7A4F7556}") = "Task_03_06", "Task_03_06\Task_03_06.csproj", "{DAC58B60-42BA-4820-A1C2-408EFECF8182}"
EndProject
Project("{9A19103F-16F7-4668-BE54-9A1E7A4F7556}") = "Task_03_07", "Task_03_07\Task_03_07.csproj", "{DC8F95E3-4836-4018-813E-F013A7E9A751}"
EndProject
Project("{9A19103F-16F7-4668-BE54-9A1E7A4F7556}") = "Task_03_08", "Task_03_08\Task_03_08.csproj", "{36D238FA-07F6-4246-B9BD-C93072986F7A}"
EndProject
Project("{9A19103F-16F7-4668-BE54-9A1E7A4F7556}") = "Task_03_09", "Task_03_09\Task_03_09.csproj", "{492F1BB9-3A32-478C-B16D-761876009AC6}"
EndProject
Project("{2150E333-8FDC-42A3-9474-1A3956D46DE8}") = "Lesson_04", "Lesson_04", "{1804B720-120C-4611-9646-81D1FE99C5E8}"
EndProject
Project("{9A19103F-16F7-4668-BE54-9A1E7A4F7556}") = "Task_04_05", "Task_04_05\Task_04_05.csproj", "{60EA139B-F069-40C9-8E6E-CB77F95B2D0A}"
EndProject
Project("{9A19103F-16F7-4668-BE54-9A1E7A4F7556}") = "Task_04_06", "Task_04_06\Task_04_06.csproj", "{A341155C-6E99-40FD-BE2A-17F6DD0762E3}"
EndProject
Project("{9A19103F-16F7-4668-BE54-9A1E7A4F7556}") = "Task_04_07", "Task_04_07\Task_04_07.csproj", "{C3CAA40E-77B1-4CB8-9F46-7C138FEA80C9}"
EndProject
Project("{9A19103F-16F7-4668-BE54-9A1E7A4F7556}") = "Task_04_08", "Task_04_08\Task_04_08.csproj", "{8AFA5C65-8385-46E0-96FD-0AE8DBBBD102}"
EndProject
Project("{9A19103F-16F7-4668-BE54-9A1E7A4F7556}") = "Task_04_09", "Task_04_09\Task_04_09.csproj", "{FBB6719A-DE59-4FDB-AAB4-D27357DED35E}"
EndProject
Project("{9A19103F-16F7-4668-BE54-9A1E7A4F7556}") = "Task_04_10", "Task_04_10\Task_04_10.csproj", "{A8B86F8E-1085-4D12-9774-DC46737EFA10}"
EndProject
Project("{2150E333-8FDC-42A3-9474-1A3956D46DE8}") = "Lesson_05", "Lesson_05", "{FC50D2A5-F05C-4225-9247-6FB2F5BEB896}"
EndProject
Project("{9A19103F-16F7-4668-BE54-9A1E7A4F7556}") = "Task_05_03", "Task_05_03\Task_05_03.csproj", "{04469933-6D5A-4C99-BDAF-8A9E42158A6C}"
EndProject
Project("{9A19103F-16F7-4668-BE54-9A1E7A4F7556}") = "Task_05_04", "Task_05_04\Task_05_04.csproj", "{A0D868CF-BEB0-4F93-A2CD-34D7DBA36DDB}"
EndProject
Project("{9A19103F-16F7-4668-BE54-9A1E7A4F7556}") = "Task_05_05", "Task_05_05\Task_05_05.csproj", "{1179520E-C260-4EE3-8697-065431D91BF3}"
EndProject
Project("{9A19103F-16F7-4668-BE54-9A1E7A4F7556}") = "Task_05_06", "Task_05_06\Task_05_06.csproj", "{79C69A1B-B858-4271-BDAF-468961C71BB0}"
EndProject
Project("{9A19103F-16F7-4668-BE54-9A1E7A4F7556}") = "ask_05_07", "ask_05_07\ask_05_07.csproj", "{A00BCD66-703C-4E94-A563-C0C8C5E66A74}"
EndProject
Project("{9A19103F-16F7-4668-BE54-9A1E7A4F7556}") = "Task_05_08", "Task_05_08\Task_05_08.csproj", "{8AEEB966-43B8-4B5F-9B77-21478A908737}"
EndProject
Project("{9A19103F-16F7-4668-BE54-9A1E7A4F7556}") = "TAsk_05_09", "TAsk_05_09\TAsk_05_09.csproj", "{5007A860-095E-4B86-973E-3D8A0D9BAADD}"
EndProject
Project("{2150E333-8FDC-42A3-9474-1A3956D46DE8}") = "Lesson_10", "Lesson_10", "{75170574-468B-40A1-B4CF-CD36F55AF86E}"
EndProject
Project("{FAE04EC0-301F-11D3-BF4B-00C04F79EFBC}") = "Task_10_06", "Task_10_06\Task_10_06.csproj", "{DE3607CF-120C-4643-A7F4-8B8B95DE70A6}"
EndProject
Project("{FAE04EC0-301F-11D3-BF4B-00C04F79EFBC}") = "Task_10_07", "Task_10_07\Task_10_07.csproj", "{8D2D7475-1880-46AC-BE4F-DEC5A7E6EEE2}"
EndProject
Project("{FAE04EC0-301F-11D3-BF4B-00C04F79EFBC}") = "Task_10_08", "Task_10_08\Task_10_08.csproj", "{E04888DC-41AD-498C-869C-AA5186E74446}"
EndProject
Project("{FAE04EC0-301F-11D3-BF4B-00C04F79EFBC}") = "Task_11_01", "Task_11_01\Task_11_01.csproj", "{EFBA7C01-03E3-4EEA-A584-D8FECB9F6732}"
EndProject
Project("{2150E333-8FDC-42A3-9474-1A3956D46DE8}") = "Lesson_11", "Lesson_11", "{E8C2F9F9-6554-4D5B-9136-4A44BF8B5D62}"
EndProject
Project("{FAE04EC0-301F-11D3-BF4B-00C04F79EFBC}") = "Task_11_02", "Task_11_02\Task_11_02.csproj", "{0DC457BE-D8EC-40A8-8896-151236FBD07A}"
EndProject
Project("{FAE04EC0-301F-11D3-BF4B-00C04F79EFBC}") = "Task_11_03", "Task_11_03\Task_11_03.csproj", "{1ADCC402-ED9A-4902-9623-82EF58D9636A}"
EndProject
Project("{FAE04EC0-301F-11D3-BF4B-00C04F79EFBC}") = "Task_11_04", "Task_11_04\Task_11_04.csproj", "{AB9AC230-B36F-42FE-9701-EF336C5E22F0}"
EndProject
Project("{FAE04EC0-301F-11D3-BF4B-00C04F79EFBC}") = "Task_11_05", "Task_11_05\Task_11_05.csproj", "{8755B6B7-B0F9-4C80-A1F8-91A7F8514633}"
EndProject
Project("{FAE04EC0-301F-11D3-BF4B-00C04F79EFBC}") = "Task_11_06", "Task_11_06\Task_11_06.csproj", "{B5F73E5A-CE56-4730-948D-EE8595E37965}"
EndProject
Project("{FAE04EC0-301F-11D3-BF4B-00C04F79EFBC}") = "Task_11_07", "Task_11_07\Task_11_07.csproj", "{6FDBE10A-9498-4A72-8BBB-10EBC612663A}"
EndProject
Project("{FAE04EC0-301F-11D3-BF4B-00C04F79EFBC}") = "Task_11_08", "Task_11_08\Task_11_08.csproj", "{87068732-5444-4E3D-A5DE-2A1419F87276}"
EndProject
Project("{2150E333-8FDC-42A3-9474-1A3956D46DE8}") = "Lesson_12", "Lesson_12", "{BAB2A083-878D-4042-8DF0-B977D379D2CF}"
EndProject
Project("{FAE04EC0-301F-11D3-BF4B-00C04F79EFBC}") = "Task_12_01", "Task_12_01\Task_12_01.csproj", "{F455E4A2-06D7-4920-A07C-48150C2F64C9}"
EndProject
Global
	GlobalSection(SolutionConfigurationPlatforms) = preSolution
		Debug|Any CPU = Debug|Any CPU
		Release|Any CPU = Release|Any CPU
	EndGlobalSection
	GlobalSection(ProjectConfigurationPlatforms) = postSolution
		{F1E9464F-AC41-470E-95E7-B259003A089A}.Debug|Any CPU.ActiveCfg = Debug|Any CPU
		{F1E9464F-AC41-470E-95E7-B259003A089A}.Debug|Any CPU.Build.0 = Debug|Any CPU
		{F1E9464F-AC41-470E-95E7-B259003A089A}.Release|Any CPU.ActiveCfg = Release|Any CPU
		{F1E9464F-AC41-470E-95E7-B259003A089A}.Release|Any CPU.Build.0 = Release|Any CPU
		{855F67B8-0C54-4D9B-9EC9-5169170DC0BA}.Debug|Any CPU.ActiveCfg = Debug|Any CPU
		{855F67B8-0C54-4D9B-9EC9-5169170DC0BA}.Debug|Any CPU.Build.0 = Debug|Any CPU
		{855F67B8-0C54-4D9B-9EC9-5169170DC0BA}.Release|Any CPU.ActiveCfg = Release|Any CPU
		{855F67B8-0C54-4D9B-9EC9-5169170DC0BA}.Release|Any CPU.Build.0 = Release|Any CPU
		{0DC036AA-57B1-453D-B3BC-BDC3C7AF2D98}.Debug|Any CPU.ActiveCfg = Debug|Any CPU
		{0DC036AA-57B1-453D-B3BC-BDC3C7AF2D98}.Debug|Any CPU.Build.0 = Debug|Any CPU
		{0DC036AA-57B1-453D-B3BC-BDC3C7AF2D98}.Release|Any CPU.ActiveCfg = Release|Any CPU
		{0DC036AA-57B1-453D-B3BC-BDC3C7AF2D98}.Release|Any CPU.Build.0 = Release|Any CPU
		{DAC58B60-42BA-4820-A1C2-408EFECF8182}.Debug|Any CPU.ActiveCfg = Debug|Any CPU
		{DAC58B60-42BA-4820-A1C2-408EFECF8182}.Debug|Any CPU.Build.0 = Debug|Any CPU
		{DAC58B60-42BA-4820-A1C2-408EFECF8182}.Release|Any CPU.ActiveCfg = Release|Any CPU
		{DAC58B60-42BA-4820-A1C2-408EFECF8182}.Release|Any CPU.Build.0 = Release|Any CPU
		{DC8F95E3-4836-4018-813E-F013A7E9A751}.Debug|Any CPU.ActiveCfg = Debug|Any CPU
		{DC8F95E3-4836-4018-813E-F013A7E9A751}.Debug|Any CPU.Build.0 = Debug|Any CPU
		{DC8F95E3-4836-4018-813E-F013A7E9A751}.Release|Any CPU.ActiveCfg = Release|Any CPU
		{DC8F95E3-4836-4018-813E-F013A7E9A751}.Release|Any CPU.Build.0 = Release|Any CPU
		{36D238FA-07F6-4246-B9BD-C93072986F7A}.Debug|Any CPU.ActiveCfg = Debug|Any CPU
		{36D238FA-07F6-4246-B9BD-C93072986F7A}.Debug|Any CPU.Build.0 = Debug|Any CPU
		{36D238FA-07F6-4246-B9BD-C93072986F7A}.Release|Any CPU.ActiveCfg = Release|Any CPU
		{36D238FA-07F6-4246-B9BD-C93072986F7A}.Release|Any CPU.Build.0 = Release|Any CPU
		{492F1BB9-3A32-478C-B16D-761876009AC6}.Debug|Any CPU.ActiveCfg = Debug|Any CPU
		{492F1BB9-3A32-478C-B16D-761876009AC6}.Debug|Any CPU.Build.0 = Debug|Any CPU
		{492F1BB9-3A32-478C-B16D-761876009AC6}.Release|Any CPU.ActiveCfg = Release|Any CPU
		{492F1BB9-3A32-478C-B16D-761876009AC6}.Release|Any CPU.Build.0 = Release|Any CPU
		{60EA139B-F069-40C9-8E6E-CB77F95B2D0A}.Debug|Any CPU.ActiveCfg = Debug|Any CPU
		{60EA139B-F069-40C9-8E6E-CB77F95B2D0A}.Debug|Any CPU.Build.0 = Debug|Any CPU
		{60EA139B-F069-40C9-8E6E-CB77F95B2D0A}.Release|Any CPU.ActiveCfg = Release|Any CPU
		{60EA139B-F069-40C9-8E6E-CB77F95B2D0A}.Release|Any CPU.Build.0 = Release|Any CPU
		{A341155C-6E99-40FD-BE2A-17F6DD0762E3}.Debug|Any CPU.ActiveCfg = Debug|Any CPU
		{A341155C-6E99-40FD-BE2A-17F6DD0762E3}.Debug|Any CPU.Build.0 = Debug|Any CPU
		{A341155C-6E99-40FD-BE2A-17F6DD0762E3}.Release|Any CPU.ActiveCfg = Release|Any CPU
		{A341155C-6E99-40FD-BE2A-17F6DD0762E3}.Release|Any CPU.Build.0 = Release|Any CPU
		{C3CAA40E-77B1-4CB8-9F46-7C138FEA80C9}.Debug|Any CPU.ActiveCfg = Debug|Any CPU
		{C3CAA40E-77B1-4CB8-9F46-7C138FEA80C9}.Debug|Any CPU.Build.0 = Debug|Any CPU
		{C3CAA40E-77B1-4CB8-9F46-7C138FEA80C9}.Release|Any CPU.ActiveCfg = Release|Any CPU
		{C3CAA40E-77B1-4CB8-9F46-7C138FEA80C9}.Release|Any CPU.Build.0 = Release|Any CPU
		{8AFA5C65-8385-46E0-96FD-0AE8DBBBD102}.Debug|Any CPU.ActiveCfg = Debug|Any CPU
		{8AFA5C65-8385-46E0-96FD-0AE8DBBBD102}.Debug|Any CPU.Build.0 = Debug|Any CPU
		{8AFA5C65-8385-46E0-96FD-0AE8DBBBD102}.Release|Any CPU.ActiveCfg = Release|Any CPU
		{8AFA5C65-8385-46E0-96FD-0AE8DBBBD102}.Release|Any CPU.Build.0 = Release|Any CPU
		{FBB6719A-DE59-4FDB-AAB4-D27357DED35E}.Debug|Any CPU.ActiveCfg = Debug|Any CPU
		{FBB6719A-DE59-4FDB-AAB4-D27357DED35E}.Debug|Any CPU.Build.0 = Debug|Any CPU
		{FBB6719A-DE59-4FDB-AAB4-D27357DED35E}.Release|Any CPU.ActiveCfg = Release|Any CPU
		{FBB6719A-DE59-4FDB-AAB4-D27357DED35E}.Release|Any CPU.Build.0 = Release|Any CPU
		{A8B86F8E-1085-4D12-9774-DC46737EFA10}.Debug|Any CPU.ActiveCfg = Debug|Any CPU
		{A8B86F8E-1085-4D12-9774-DC46737EFA10}.Debug|Any CPU.Build.0 = Debug|Any CPU
		{A8B86F8E-1085-4D12-9774-DC46737EFA10}.Release|Any CPU.ActiveCfg = Release|Any CPU
		{A8B86F8E-1085-4D12-9774-DC46737EFA10}.Release|Any CPU.Build.0 = Release|Any CPU
		{04469933-6D5A-4C99-BDAF-8A9E42158A6C}.Debug|Any CPU.ActiveCfg = Debug|Any CPU
		{04469933-6D5A-4C99-BDAF-8A9E42158A6C}.Debug|Any CPU.Build.0 = Debug|Any CPU
		{04469933-6D5A-4C99-BDAF-8A9E42158A6C}.Release|Any CPU.ActiveCfg = Release|Any CPU
		{04469933-6D5A-4C99-BDAF-8A9E42158A6C}.Release|Any CPU.Build.0 = Release|Any CPU
		{A0D868CF-BEB0-4F93-A2CD-34D7DBA36DDB}.Debug|Any CPU.ActiveCfg = Debug|Any CPU
		{A0D868CF-BEB0-4F93-A2CD-34D7DBA36DDB}.Debug|Any CPU.Build.0 = Debug|Any CPU
		{A0D868CF-BEB0-4F93-A2CD-34D7DBA36DDB}.Release|Any CPU.ActiveCfg = Release|Any CPU
		{A0D868CF-BEB0-4F93-A2CD-34D7DBA36DDB}.Release|Any CPU.Build.0 = Release|Any CPU
		{1179520E-C260-4EE3-8697-065431D91BF3}.Debug|Any CPU.ActiveCfg = Debug|Any CPU
		{1179520E-C260-4EE3-8697-065431D91BF3}.Debug|Any CPU.Build.0 = Debug|Any CPU
		{1179520E-C260-4EE3-8697-065431D91BF3}.Release|Any CPU.ActiveCfg = Release|Any CPU
		{1179520E-C260-4EE3-8697-065431D91BF3}.Release|Any CPU.Build.0 = Release|Any CPU
		{79C69A1B-B858-4271-BDAF-468961C71BB0}.Debug|Any CPU.ActiveCfg = Debug|Any CPU
		{79C69A1B-B858-4271-BDAF-468961C71BB0}.Debug|Any CPU.Build.0 = Debug|Any CPU
		{79C69A1B-B858-4271-BDAF-468961C71BB0}.Release|Any CPU.ActiveCfg = Release|Any CPU
		{79C69A1B-B858-4271-BDAF-468961C71BB0}.Release|Any CPU.Build.0 = Release|Any CPU
		{A00BCD66-703C-4E94-A563-C0C8C5E66A74}.Debug|Any CPU.ActiveCfg = Debug|Any CPU
		{A00BCD66-703C-4E94-A563-C0C8C5E66A74}.Debug|Any CPU.Build.0 = Debug|Any CPU
		{A00BCD66-703C-4E94-A563-C0C8C5E66A74}.Release|Any CPU.ActiveCfg = Release|Any CPU
		{A00BCD66-703C-4E94-A563-C0C8C5E66A74}.Release|Any CPU.Build.0 = Release|Any CPU
		{8AEEB966-43B8-4B5F-9B77-21478A908737}.Debug|Any CPU.ActiveCfg = Debug|Any CPU
		{8AEEB966-43B8-4B5F-9B77-21478A908737}.Debug|Any CPU.Build.0 = Debug|Any CPU
		{8AEEB966-43B8-4B5F-9B77-21478A908737}.Release|Any CPU.ActiveCfg = Release|Any CPU
		{8AEEB966-43B8-4B5F-9B77-21478A908737}.Release|Any CPU.Build.0 = Release|Any CPU
		{5007A860-095E-4B86-973E-3D8A0D9BAADD}.Debug|Any CPU.ActiveCfg = Debug|Any CPU
		{5007A860-095E-4B86-973E-3D8A0D9BAADD}.Debug|Any CPU.Build.0 = Debug|Any CPU
		{5007A860-095E-4B86-973E-3D8A0D9BAADD}.Release|Any CPU.ActiveCfg = Release|Any CPU
		{5007A860-095E-4B86-973E-3D8A0D9BAADD}.Release|Any CPU.Build.0 = Release|Any CPU
		{DE3607CF-120C-4643-A7F4-8B8B95DE70A6}.Debug|Any CPU.ActiveCfg = Debug|Any CPU
		{DE3607CF-120C-4643-A7F4-8B8B95DE70A6}.Debug|Any CPU.Build.0 = Debug|Any CPU
		{DE3607CF-120C-4643-A7F4-8B8B95DE70A6}.Release|Any CPU.ActiveCfg = Release|Any CPU
		{DE3607CF-120C-4643-A7F4-8B8B95DE70A6}.Release|Any CPU.Build.0 = Release|Any CPU
		{8D2D7475-1880-46AC-BE4F-DEC5A7E6EEE2}.Debug|Any CPU.ActiveCfg = Debug|Any CPU
		{8D2D7475-1880-46AC-BE4F-DEC5A7E6EEE2}.Debug|Any CPU.Build.0 = Debug|Any CPU
		{8D2D7475-1880-46AC-BE4F-DEC5A7E6EEE2}.Release|Any CPU.ActiveCfg = Release|Any CPU
		{8D2D7475-1880-46AC-BE4F-DEC5A7E6EEE2}.Release|Any CPU.Build.0 = Release|Any CPU
		{E04888DC-41AD-498C-869C-AA5186E74446}.Debug|Any CPU.ActiveCfg = Debug|Any CPU
		{E04888DC-41AD-498C-869C-AA5186E74446}.Debug|Any CPU.Build.0 = Debug|Any CPU
		{E04888DC-41AD-498C-869C-AA5186E74446}.Release|Any CPU.ActiveCfg = Release|Any CPU
		{E04888DC-41AD-498C-869C-AA5186E74446}.Release|Any CPU.Build.0 = Release|Any CPU
		{EFBA7C01-03E3-4EEA-A584-D8FECB9F6732}.Debug|Any CPU.ActiveCfg = Debug|Any CPU
		{EFBA7C01-03E3-4EEA-A584-D8FECB9F6732}.Debug|Any CPU.Build.0 = Debug|Any CPU
		{EFBA7C01-03E3-4EEA-A584-D8FECB9F6732}.Release|Any CPU.ActiveCfg = Release|Any CPU
		{EFBA7C01-03E3-4EEA-A584-D8FECB9F6732}.Release|Any CPU.Build.0 = Release|Any CPU
		{0DC457BE-D8EC-40A8-8896-151236FBD07A}.Debug|Any CPU.ActiveCfg = Debug|Any CPU
		{0DC457BE-D8EC-40A8-8896-151236FBD07A}.Debug|Any CPU.Build.0 = Debug|Any CPU
		{0DC457BE-D8EC-40A8-8896-151236FBD07A}.Release|Any CPU.ActiveCfg = Release|Any CPU
		{0DC457BE-D8EC-40A8-8896-151236FBD07A}.Release|Any CPU.Build.0 = Release|Any CPU
		{1ADCC402-ED9A-4902-9623-82EF58D9636A}.Debug|Any CPU.ActiveCfg = Debug|Any CPU
		{1ADCC402-ED9A-4902-9623-82EF58D9636A}.Debug|Any CPU.Build.0 = Debug|Any CPU
		{1ADCC402-ED9A-4902-9623-82EF58D9636A}.Release|Any CPU.ActiveCfg = Release|Any CPU
		{1ADCC402-ED9A-4902-9623-82EF58D9636A}.Release|Any CPU.Build.0 = Release|Any CPU
		{AB9AC230-B36F-42FE-9701-EF336C5E22F0}.Debug|Any CPU.ActiveCfg = Debug|Any CPU
		{AB9AC230-B36F-42FE-9701-EF336C5E22F0}.Debug|Any CPU.Build.0 = Debug|Any CPU
		{AB9AC230-B36F-42FE-9701-EF336C5E22F0}.Release|Any CPU.ActiveCfg = Release|Any CPU
		{AB9AC230-B36F-42FE-9701-EF336C5E22F0}.Release|Any CPU.Build.0 = Release|Any CPU
		{8755B6B7-B0F9-4C80-A1F8-91A7F8514633}.Debug|Any CPU.ActiveCfg = Debug|Any CPU
		{8755B6B7-B0F9-4C80-A1F8-91A7F8514633}.Debug|Any CPU.Build.0 = Debug|Any CPU
		{8755B6B7-B0F9-4C80-A1F8-91A7F8514633}.Release|Any CPU.ActiveCfg = Release|Any CPU
		{8755B6B7-B0F9-4C80-A1F8-91A7F8514633}.Release|Any CPU.Build.0 = Release|Any CPU
		{B5F73E5A-CE56-4730-948D-EE8595E37965}.Debug|Any CPU.ActiveCfg = Debug|Any CPU
		{B5F73E5A-CE56-4730-948D-EE8595E37965}.Debug|Any CPU.Build.0 = Debug|Any CPU
		{B5F73E5A-CE56-4730-948D-EE8595E37965}.Release|Any CPU.ActiveCfg = Release|Any CPU
		{B5F73E5A-CE56-4730-948D-EE8595E37965}.Release|Any CPU.Build.0 = Release|Any CPU
		{6FDBE10A-9498-4A72-8BBB-10EBC612663A}.Debug|Any CPU.ActiveCfg = Debug|Any CPU
		{6FDBE10A-9498-4A72-8BBB-10EBC612663A}.Debug|Any CPU.Build.0 = Debug|Any CPU
		{6FDBE10A-9498-4A72-8BBB-10EBC612663A}.Release|Any CPU.ActiveCfg = Release|Any CPU
		{6FDBE10A-9498-4A72-8BBB-10EBC612663A}.Release|Any CPU.Build.0 = Release|Any CPU
		{87068732-5444-4E3D-A5DE-2A1419F87276}.Debug|Any CPU.ActiveCfg = Debug|Any CPU
		{87068732-5444-4E3D-A5DE-2A1419F87276}.Debug|Any CPU.Build.0 = Debug|Any CPU
		{87068732-5444-4E3D-A5DE-2A1419F87276}.Release|Any CPU.ActiveCfg = Release|Any CPU
		{87068732-5444-4E3D-A5DE-2A1419F87276}.Release|Any CPU.Build.0 = Release|Any CPU
		{F455E4A2-06D7-4920-A07C-48150C2F64C9}.Debug|Any CPU.ActiveCfg = Debug|Any CPU
		{F455E4A2-06D7-4920-A07C-48150C2F64C9}.Debug|Any CPU.Build.0 = Debug|Any CPU
		{F455E4A2-06D7-4920-A07C-48150C2F64C9}.Release|Any CPU.ActiveCfg = Release|Any CPU
		{F455E4A2-06D7-4920-A07C-48150C2F64C9}.Release|Any CPU.Build.0 = Release|Any CPU
	EndGlobalSection
	GlobalSection(SolutionProperties) = preSolution
		HideSolutionNode = FALSE
	EndGlobalSection
	GlobalSection(NestedProjects) = preSolution
		{F1E9464F-AC41-470E-95E7-B259003A089A} = {449435C7-0685-4546-BDC3-5DE4D19C661F}
		{855F67B8-0C54-4D9B-9EC9-5169170DC0BA} = {1E73FC66-DDA8-4AC5-96CD-32847EF0C3E3}
		{0DC036AA-57B1-453D-B3BC-BDC3C7AF2D98} = {1E73FC66-DDA8-4AC5-96CD-32847EF0C3E3}
		{DAC58B60-42BA-4820-A1C2-408EFECF8182} = {1E73FC66-DDA8-4AC5-96CD-32847EF0C3E3}
		{DC8F95E3-4836-4018-813E-F013A7E9A751} = {1E73FC66-DDA8-4AC5-96CD-32847EF0C3E3}
		{36D238FA-07F6-4246-B9BD-C93072986F7A} = {1E73FC66-DDA8-4AC5-96CD-32847EF0C3E3}
		{492F1BB9-3A32-478C-B16D-761876009AC6} = {1E73FC66-DDA8-4AC5-96CD-32847EF0C3E3}
		{1804B720-120C-4611-9646-81D1FE99C5E8} = {449435C7-0685-4546-BDC3-5DE4D19C661F}
		{60EA139B-F069-40C9-8E6E-CB77F95B2D0A} = {1804B720-120C-4611-9646-81D1FE99C5E8}
		{A341155C-6E99-40FD-BE2A-17F6DD0762E3} = {1804B720-120C-4611-9646-81D1FE99C5E8}
		{C3CAA40E-77B1-4CB8-9F46-7C138FEA80C9} = {1804B720-120C-4611-9646-81D1FE99C5E8}
		{8AFA5C65-8385-46E0-96FD-0AE8DBBBD102} = {1804B720-120C-4611-9646-81D1FE99C5E8}
		{FBB6719A-DE59-4FDB-AAB4-D27357DED35E} = {1804B720-120C-4611-9646-81D1FE99C5E8}
		{A8B86F8E-1085-4D12-9774-DC46737EFA10} = {1804B720-120C-4611-9646-81D1FE99C5E8}
		{04469933-6D5A-4C99-BDAF-8A9E42158A6C} = {FC50D2A5-F05C-4225-9247-6FB2F5BEB896}
		{A0D868CF-BEB0-4F93-A2CD-34D7DBA36DDB} = {FC50D2A5-F05C-4225-9247-6FB2F5BEB896}
		{1179520E-C260-4EE3-8697-065431D91BF3} = {FC50D2A5-F05C-4225-9247-6FB2F5BEB896}
		{79C69A1B-B858-4271-BDAF-468961C71BB0} = {FC50D2A5-F05C-4225-9247-6FB2F5BEB896}
		{A00BCD66-703C-4E94-A563-C0C8C5E66A74} = {FC50D2A5-F05C-4225-9247-6FB2F5BEB896}
		{8AEEB966-43B8-4B5F-9B77-21478A908737} = {FC50D2A5-F05C-4225-9247-6FB2F5BEB896}
		{5007A860-095E-4B86-973E-3D8A0D9BAADD} = {FC50D2A5-F05C-4225-9247-6FB2F5BEB896}
		{DE3607CF-120C-4643-A7F4-8B8B95DE70A6} = {75170574-468B-40A1-B4CF-CD36F55AF86E}
		{8D2D7475-1880-46AC-BE4F-DEC5A7E6EEE2} = {75170574-468B-40A1-B4CF-CD36F55AF86E}
		{E04888DC-41AD-498C-869C-AA5186E74446} = {75170574-468B-40A1-B4CF-CD36F55AF86E}
		{EFBA7C01-03E3-4EEA-A584-D8FECB9F6732} = {E8C2F9F9-6554-4D5B-9136-4A44BF8B5D62}
		{0DC457BE-D8EC-40A8-8896-151236FBD07A} = {E8C2F9F9-6554-4D5B-9136-4A44BF8B5D62}
		{1ADCC402-ED9A-4902-9623-82EF58D9636A} = {E8C2F9F9-6554-4D5B-9136-4A44BF8B5D62}
		{AB9AC230-B36F-42FE-9701-EF336C5E22F0} = {E8C2F9F9-6554-4D5B-9136-4A44BF8B5D62}
		{8755B6B7-B0F9-4C80-A1F8-91A7F8514633} = {E8C2F9F9-6554-4D5B-9136-4A44BF8B5D62}
		{B5F73E5A-CE56-4730-948D-EE8595E37965} = {E8C2F9F9-6554-4D5B-9136-4A44BF8B5D62}
		{6FDBE10A-9498-4A72-8BBB-10EBC612663A} = {E8C2F9F9-6554-4D5B-9136-4A44BF8B5D62}
		{87068732-5444-4E3D-A5DE-2A1419F87276} = {E8C2F9F9-6554-4D5B-9136-4A44BF8B5D62}
		{F455E4A2-06D7-4920-A07C-48150C2F64C9} = {BAB2A083-878D-4042-8DF0-B977D379D2CF}
	EndGlobalSection
	GlobalSection(ExtensibilityGlobals) = postSolution
		SolutionGuid = {F5D495BA-63A5-4C4B-ABC8-C375B91B70BF}
	EndGlobalSection
EndGlobal
